// !$*UTF8*$!
{
	archiveVersion = 1;
	classes = {
	};
	objectVersion = 50;
	objects = {

/* Begin PBXBuildFile section */
		8408E19325C264F7001C8EEF /* AppDelegate.swift in Sources */ = {isa = PBXBuildFile; fileRef = 8408E19225C264F7001C8EEF /* AppDelegate.swift */; };
		8408E19525C264F7001C8EEF /* SceneDelegate.swift in Sources */ = {isa = PBXBuildFile; fileRef = 8408E19425C264F7001C8EEF /* SceneDelegate.swift */; };
		8408E19725C264F7001C8EEF /* ContentView.swift in Sources */ = {isa = PBXBuildFile; fileRef = 8408E19625C264F7001C8EEF /* ContentView.swift */; };
		8408E19925C264F9001C8EEF /* Assets.xcassets in Resources */ = {isa = PBXBuildFile; fileRef = 8408E19825C264F9001C8EEF /* Assets.xcassets */; };
		8408E19C25C264F9001C8EEF /* Preview Assets.xcassets in Resources */ = {isa = PBXBuildFile; fileRef = 8408E19B25C264F9001C8EEF /* Preview Assets.xcassets */; };
		8408E19F25C264F9001C8EEF /* LaunchScreen.storyboard in Resources */ = {isa = PBXBuildFile; fileRef = 8408E19D25C264F9001C8EEF /* LaunchScreen.storyboard */; };
		8408E1AA25C264F9001C8EEF /* FormTests.swift in Sources */ = {isa = PBXBuildFile; fileRef = 8408E1A925C264F9001C8EEF /* FormTests.swift */; };
		8408E1B525C264F9001C8EEF /* FormUITests.swift in Sources */ = {isa = PBXBuildFile; fileRef = 8408E1B425C264F9001C8EEF /* FormUITests.swift */; };
/* End PBXBuildFile section */

/* Begin PBXContainerItemProxy section */
		8408E1A625C264F9001C8EEF /* PBXContainerItemProxy */ = {
			isa = PBXContainerItemProxy;
			containerPortal = 8408E18725C264F6001C8EEF /* Project object */;
			proxyType = 1;
			remoteGlobalIDString = 8408E18E25C264F6001C8EEF;
			remoteInfo = Form;
		};
		8408E1B125C264F9001C8EEF /* PBXContainerItemProxy */ = {
			isa = PBXContainerItemProxy;
			containerPortal = 8408E18725C264F6001C8EEF /* Project object */;
			proxyType = 1;
			remoteGlobalIDString = 8408E18E25C264F6001C8EEF;
			remoteInfo = Form;
		};
/* End PBXContainerItemProxy section */

/* Begin PBXFileReference section */
		8408E18F25C264F6001C8EEF /* Form.app */ = {isa = PBXFileReference; explicitFileType = wrapper.application; includeInIndex = 0; path = Form.app; sourceTree = BUILT_PRODUCTS_DIR; };
		8408E19225C264F7001C8EEF /* AppDelegate.swift */ = {isa = PBXFileReference; lastKnownFileType = sourcecode.swift; path = AppDelegate.swift; sourceTree = "<group>"; };
		8408E19425C264F7001C8EEF /* SceneDelegate.swift */ = {isa = PBXFileReference; lastKnownFileType = sourcecode.swift; path = SceneDelegate.swift; sourceTree = "<group>"; };
		8408E19625C264F7001C8EEF /* ContentView.swift */ = {isa = PBXFileReference; lastKnownFileType = sourcecode.swift; path = ContentView.swift; sourceTree = "<group>"; };
		8408E19825C264F9001C8EEF /* Assets.xcassets */ = {isa = PBXFileReference; lastKnownFileType = folder.assetcatalog; path = Assets.xcassets; sourceTree = "<group>"; };
		8408E19B25C264F9001C8EEF /* Preview Assets.xcassets */ = {isa = PBXFileReference; lastKnownFileType = folder.assetcatalog; path = "Preview Assets.xcassets"; sourceTree = "<group>"; };
		8408E19E25C264F9001C8EEF /* Base */ = {isa = PBXFileReference; lastKnownFileType = file.storyboard; name = Base; path = Base.lproj/LaunchScreen.storyboard; sourceTree = "<group>"; };
		8408E1A025C264F9001C8EEF /* Info.plist */ = {isa = PBXFileReference; lastKnownFileType = text.plist.xml; path = Info.plist; sourceTree = "<group>"; };
		8408E1A525C264F9001C8EEF /* FormTests.xctest */ = {isa = PBXFileReference; explicitFileType = wrapper.cfbundle; includeInIndex = 0; path = FormTests.xctest; sourceTree = BUILT_PRODUCTS_DIR; };
		8408E1A925C264F9001C8EEF /* FormTests.swift */ = {isa = PBXFileReference; lastKnownFileType = sourcecode.swift; path = FormTests.swift; sourceTree = "<group>"; };
		8408E1AB25C264F9001C8EEF /* Info.plist */ = {isa = PBXFileReference; lastKnownFileType = text.plist.xml; path = Info.plist; sourceTree = "<group>"; };
		8408E1B025C264F9001C8EEF /* FormUITests.xctest */ = {isa = PBXFileReference; explicitFileType = wrapper.cfbundle; includeInIndex = 0; path = FormUITests.xctest; sourceTree = BUILT_PRODUCTS_DIR; };
		8408E1B425C264F9001C8EEF /* FormUITests.swift */ = {isa = PBXFileReference; lastKnownFileType = sourcecode.swift; path = FormUITests.swift; sourceTree = "<group>"; };
		8408E1B625C264F9001C8EEF /* Info.plist */ = {isa = PBXFileReference; lastKnownFileType = text.plist.xml; path = Info.plist; sourceTree = "<group>"; };
/* End PBXFileReference section */

/* Begin PBXFrameworksBuildPhase section */
		8408E18C25C264F6001C8EEF /* Frameworks */ = {
			isa = PBXFrameworksBuildPhase;
			buildActionMask = 2147483647;
			files = (
			);
			runOnlyForDeploymentPostprocessing = 0;
		};
		8408E1A225C264F9001C8EEF /* Frameworks */ = {
			isa = PBXFrameworksBuildPhase;
			buildActionMask = 2147483647;
			files = (
			);
			runOnlyForDeploymentPostprocessing = 0;
		};
		8408E1AD25C264F9001C8EEF /* Frameworks */ = {
			isa = PBXFrameworksBuildPhase;
			buildActionMask = 2147483647;
			files = (
			);
			runOnlyForDeploymentPostprocessing = 0;
		};
/* End PBXFrameworksBuildPhase section */

/* Begin PBXGroup section */
		8408E18625C264F6001C8EEF = {
			isa = PBXGroup;
			children = (
				8408E19125C264F6001C8EEF /* Form */,
				8408E1A825C264F9001C8EEF /* FormTests */,
				8408E1B325C264F9001C8EEF /* FormUITests */,
				8408E19025C264F6001C8EEF /* Products */,
			);
			sourceTree = "<group>";
		};
		8408E19025C264F6001C8EEF /* Products */ = {
			isa = PBXGroup;
			children = (
				8408E18F25C264F6001C8EEF /* Form.app */,
				8408E1A525C264F9001C8EEF /* FormTests.xctest */,
				8408E1B025C264F9001C8EEF /* FormUITests.xctest */,
			);
			name = Products;
			sourceTree = "<group>";
		};
		8408E19125C264F6001C8EEF /* Form */ = {
			isa = PBXGroup;
			children = (
				8408E19225C264F7001C8EEF /* AppDelegate.swift */,
				8408E19425C264F7001C8EEF /* SceneDelegate.swift */,
				8408E19625C264F7001C8EEF /* ContentView.swift */,
				8408E19825C264F9001C8EEF /* Assets.xcassets */,
				8408E19D25C264F9001C8EEF /* LaunchScreen.storyboard */,
				8408E1A025C264F9001C8EEF /* Info.plist */,
				8408E19A25C264F9001C8EEF /* Preview Content */,
			);
			path = Form;
			sourceTree = "<group>";
		};
		8408E19A25C264F9001C8EEF /* Preview Content */ = {
			isa = PBXGroup;
			children = (
				8408E19B25C264F9001C8EEF /* Preview Assets.xcassets */,
			);
			path = "Preview Content";
			sourceTree = "<group>";
		};
		8408E1A825C264F9001C8EEF /* FormTests */ = {
			isa = PBXGroup;
			children = (
				8408E1A925C264F9001C8EEF /* FormTests.swift */,
				8408E1AB25C264F9001C8EEF /* Info.plist */,
			);
			path = FormTests;
			sourceTree = "<group>";
		};
		8408E1B325C264F9001C8EEF /* FormUITests */ = {
			isa = PBXGroup;
			children = (
				8408E1B425C264F9001C8EEF /* FormUITests.swift */,
				8408E1B625C264F9001C8EEF /* Info.plist */,
			);
			path = FormUITests;
			sourceTree = "<group>";
		};
/* End PBXGroup section */

/* Begin PBXNativeTarget section */
		8408E18E25C264F6001C8EEF /* Form */ = {
			isa = PBXNativeTarget;
			buildConfigurationList = 8408E1B925C264F9001C8EEF /* Build configuration list for PBXNativeTarget "Form" */;
			buildPhases = (
				8408E18B25C264F6001C8EEF /* Sources */,
				8408E18C25C264F6001C8EEF /* Frameworks */,
				8408E18D25C264F6001C8EEF /* Resources */,
			);
			buildRules = (
			);
			dependencies = (
			);
			name = Form;
			productName = Form;
			productReference = 8408E18F25C264F6001C8EEF /* Form.app */;
			productType = "com.apple.product-type.application";
		};
		8408E1A425C264F9001C8EEF /* FormTests */ = {
			isa = PBXNativeTarget;
			buildConfigurationList = 8408E1BC25C264F9001C8EEF /* Build configuration list for PBXNativeTarget "FormTests" */;
			buildPhases = (
				8408E1A125C264F9001C8EEF /* Sources */,
				8408E1A225C264F9001C8EEF /* Frameworks */,
				8408E1A325C264F9001C8EEF /* Resources */,
			);
			buildRules = (
			);
			dependencies = (
				8408E1A725C264F9001C8EEF /* PBXTargetDependency */,
			);
			name = FormTests;
			productName = FormTests;
			productReference = 8408E1A525C264F9001C8EEF /* FormTests.xctest */;
			productType = "com.apple.product-type.bundle.unit-test";
		};
		8408E1AF25C264F9001C8EEF /* FormUITests */ = {
			isa = PBXNativeTarget;
			buildConfigurationList = 8408E1BF25C264F9001C8EEF /* Build configuration list for PBXNativeTarget "FormUITests" */;
			buildPhases = (
				8408E1AC25C264F9001C8EEF /* Sources */,
				8408E1AD25C264F9001C8EEF /* Frameworks */,
				8408E1AE25C264F9001C8EEF /* Resources */,
			);
			buildRules = (
			);
			dependencies = (
				8408E1B225C264F9001C8EEF /* PBXTargetDependency */,
			);
			name = FormUITests;
			productName = FormUITests;
			productReference = 8408E1B025C264F9001C8EEF /* FormUITests.xctest */;
			productType = "com.apple.product-type.bundle.ui-testing";
		};
/* End PBXNativeTarget section */

/* Begin PBXProject section */
		8408E18725C264F6001C8EEF /* Project object */ = {
			isa = PBXProject;
			attributes = {
				LastSwiftUpdateCheck = 1230;
				LastUpgradeCheck = 1230;
				TargetAttributes = {
					8408E18E25C264F6001C8EEF = {
						CreatedOnToolsVersion = 12.3;
					};
					8408E1A425C264F9001C8EEF = {
						CreatedOnToolsVersion = 12.3;
						TestTargetID = 8408E18E25C264F6001C8EEF;
					};
					8408E1AF25C264F9001C8EEF = {
						CreatedOnToolsVersion = 12.3;
						TestTargetID = 8408E18E25C264F6001C8EEF;
					};
				};
			};
			buildConfigurationList = 8408E18A25C264F6001C8EEF /* Build configuration list for PBXProject "Form" */;
			compatibilityVersion = "Xcode 9.3";
			developmentRegion = en;
			hasScannedForEncodings = 0;
			knownRegions = (
				en,
				Base,
			);
			mainGroup = 8408E18625C264F6001C8EEF;
			productRefGroup = 8408E19025C264F6001C8EEF /* Products */;
			projectDirPath = "";
			projectRoot = "";
			targets = (
				8408E18E25C264F6001C8EEF /* Form */,
				8408E1A425C264F9001C8EEF /* FormTests */,
				8408E1AF25C264F9001C8EEF /* FormUITests */,
			);
		};
/* End PBXProject section */

/* Begin PBXResourcesBuildPhase section */
		8408E18D25C264F6001C8EEF /* Resources */ = {
			isa = PBXResourcesBuildPhase;
			buildActionMask = 2147483647;
			files = (
				8408E19F25C264F9001C8EEF /* LaunchScreen.storyboard in Resources */,
				8408E19C25C264F9001C8EEF /* Preview Assets.xcassets in Resources */,
				8408E19925C264F9001C8EEF /* Assets.xcassets in Resources */,
			);
			runOnlyForDeploymentPostprocessing = 0;
		};
		8408E1A325C264F9001C8EEF /* Resources */ = {
			isa = PBXResourcesBuildPhase;
			buildActionMask = 2147483647;
			files = (
			);
			runOnlyForDeploymentPostprocessing = 0;
		};
		8408E1AE25C264F9001C8EEF /* Resources */ = {
			isa = PBXResourcesBuildPhase;
			buildActionMask = 2147483647;
			files = (
			);
			runOnlyForDeploymentPostprocessing = 0;
		};
/* End PBXResourcesBuildPhase section */

/* Begin PBXSourcesBuildPhase section */
		8408E18B25C264F6001C8EEF /* Sources */ = {
			isa = PBXSourcesBuildPhase;
			buildActionMask = 2147483647;
			files = (
				8408E19325C264F7001C8EEF /* AppDelegate.swift in Sources */,
				8408E19525C264F7001C8EEF /* SceneDelegate.swift in Sources */,
				8408E19725C264F7001C8EEF /* ContentView.swift in Sources */,
			);
			runOnlyForDeploymentPostprocessing = 0;
		};
		8408E1A125C264F9001C8EEF /* Sources */ = {
			isa = PBXSourcesBuildPhase;
			buildActionMask = 2147483647;
			files = (
				8408E1AA25C264F9001C8EEF /* FormTests.swift in Sources */,
			);
			runOnlyForDeploymentPostprocessing = 0;
		};
		8408E1AC25C264F9001C8EEF /* Sources */ = {
			isa = PBXSourcesBuildPhase;
			buildActionMask = 2147483647;
			files = (
				8408E1B525C264F9001C8EEF /* FormUITests.swift in Sources */,
			);
			runOnlyForDeploymentPostprocessing = 0;
		};
/* End PBXSourcesBuildPhase section */

/* Begin PBXTargetDependency section */
		8408E1A725C264F9001C8EEF /* PBXTargetDependency */ = {
			isa = PBXTargetDependency;
			target = 8408E18E25C264F6001C8EEF /* Form */;
			targetProxy = 8408E1A625C264F9001C8EEF /* PBXContainerItemProxy */;
		};
		8408E1B225C264F9001C8EEF /* PBXTargetDependency */ = {
			isa = PBXTargetDependency;
			target = 8408E18E25C264F6001C8EEF /* Form */;
			targetProxy = 8408E1B125C264F9001C8EEF /* PBXContainerItemProxy */;
		};
/* End PBXTargetDependency section */

/* Begin PBXVariantGroup section */
		8408E19D25C264F9001C8EEF /* LaunchScreen.storyboard */ = {
			isa = PBXVariantGroup;
			children = (
				8408E19E25C264F9001C8EEF /* Base */,
			);
			name = LaunchScreen.storyboard;
			sourceTree = "<group>";
		};
/* End PBXVariantGroup section */

/* Begin XCBuildConfiguration section */
		8408E1B725C264F9001C8EEF /* Debug */ = {
			isa = XCBuildConfiguration;
			buildSettings = {
				ALWAYS_SEARCH_USER_PATHS = NO;
				CLANG_ANALYZER_NONNULL = YES;
				CLANG_ANALYZER_NUMBER_OBJECT_CONVERSION = YES_AGGRESSIVE;
				CLANG_CXX_LANGUAGE_STANDARD = "gnu++14";
				CLANG_CXX_LIBRARY = "libc++";
				CLANG_ENABLE_MODULES = YES;
				CLANG_ENABLE_OBJC_ARC = YES;
				CLANG_ENABLE_OBJC_WEAK = YES;
				CLANG_WARN_BLOCK_CAPTURE_AUTORELEASING = YES;
				CLANG_WARN_BOOL_CONVERSION = YES;
				CLANG_WARN_COMMA = YES;
				CLANG_WARN_CONSTANT_CONVERSION = YES;
				CLANG_WARN_DEPRECATED_OBJC_IMPLEMENTATIONS = YES;
				CLANG_WARN_DIRECT_OBJC_ISA_USAGE = YES_ERROR;
				CLANG_WARN_DOCUMENTATION_COMMENTS = YES;
				CLANG_WARN_EMPTY_BODY = YES;
				CLANG_WARN_ENUM_CONVERSION = YES;
				CLANG_WARN_INFINITE_RECURSION = YES;
				CLANG_WARN_INT_CONVERSION = YES;
				CLANG_WARN_NON_LITERAL_NULL_CONVERSION = YES;
				CLANG_WARN_OBJC_IMPLICIT_RETAIN_SELF = YES;
				CLANG_WARN_OBJC_LITERAL_CONVERSION = YES;
				CLANG_WARN_OBJC_ROOT_CLASS = YES_ERROR;
				CLANG_WARN_QUOTED_INCLUDE_IN_FRAMEWORK_HEADER = YES;
				CLANG_WARN_RANGE_LOOP_ANALYSIS = YES;
				CLANG_WARN_STRICT_PROTOTYPES = YES;
				CLANG_WARN_SUSPICIOUS_MOVE = YES;
				CLANG_WARN_UNGUARDED_AVAILABILITY = YES_AGGRESSIVE;
				CLANG_WARN_UNREACHABLE_CODE = YES;
				CLANG_WARN__DUPLICATE_METHOD_MATCH = YES;
				COPY_PHASE_STRIP = NO;
				DEBUG_INFORMATION_FORMAT = dwarf;
				ENABLE_STRICT_OBJC_MSGSEND = YES;
				ENABLE_TESTABILITY = YES;
				GCC_C_LANGUAGE_STANDARD = gnu11;
				GCC_DYNAMIC_NO_PIC = NO;
				GCC_NO_COMMON_BLOCKS = YES;
				GCC_OPTIMIZATION_LEVEL = 0;
				GCC_PREPROCESSOR_DEFINITIONS = (
					"DEBUG=1",
					"$(inherited)",
				);
				GCC_WARN_64_TO_32_BIT_CONVERSION = YES;
				GCC_WARN_ABOUT_RETURN_TYPE = YES_ERROR;
				GCC_WARN_UNDECLARED_SELECTOR = YES;
				GCC_WARN_UNINITIALIZED_AUTOS = YES_AGGRESSIVE;
				GCC_WARN_UNUSED_FUNCTION = YES;
				GCC_WARN_UNUSED_VARIABLE = YES;
				IPHONEOS_DEPLOYMENT_TARGET = 14.3;
				MTL_ENABLE_DEBUG_INFO = INCLUDE_SOURCE;
				MTL_FAST_MATH = YES;
				ONLY_ACTIVE_ARCH = YES;
				SDKROOT = iphoneos;
				SWIFT_ACTIVE_COMPILATION_CONDITIONS = DEBUG;
				SWIFT_OPTIMIZATION_LEVEL = "-Onone";
			};
			name = Debug;
		};
		8408E1B825C264F9001C8EEF /* Release */ = {
			isa = XCBuildConfiguration;
			buildSettings = {
				ALWAYS_SEARCH_USER_PATHS = NO;
				CLANG_ANALYZER_NONNULL = YES;
				CLANG_ANALYZER_NUMBER_OBJECT_CONVERSION = YES_AGGRESSIVE;
				CLANG_CXX_LANGUAGE_STANDARD = "gnu++14";
				CLANG_CXX_LIBRARY = "libc++";
				CLANG_ENABLE_MODULES = YES;
				CLANG_ENABLE_OBJC_ARC = YES;
				CLANG_ENABLE_OBJC_WEAK = YES;
				CLANG_WARN_BLOCK_CAPTURE_AUTORELEASING = YES;
				CLANG_WARN_BOOL_CONVERSION = YES;
				CLANG_WARN_COMMA = YES;
				CLANG_WARN_CONSTANT_CONVERSION = YES;
				CLANG_WARN_DEPRECATED_OBJC_IMPLEMENTATIONS = YES;
				CLANG_WARN_DIRECT_OBJC_ISA_USAGE = YES_ERROR;
				CLANG_WARN_DOCUMENTATION_COMMENTS = YES;
				CLANG_WARN_EMPTY_BODY = YES;
				CLANG_WARN_ENUM_CONVERSION = YES;
				CLANG_WARN_INFINITE_RECURSION = YES;
				CLANG_WARN_INT_CONVERSION = YES;
				CLANG_WARN_NON_LITERAL_NULL_CONVERSION = YES;
				CLANG_WARN_OBJC_IMPLICIT_RETAIN_SELF = YES;
				CLANG_WARN_OBJC_LITERAL_CONVERSION = YES;
				CLANG_WARN_OBJC_ROOT_CLASS = YES_ERROR;
				CLANG_WARN_QUOTED_INCLUDE_IN_FRAMEWORK_HEADER = YES;
				CLANG_WARN_RANGE_LOOP_ANALYSIS = YES;
				CLANG_WARN_STRICT_PROTOTYPES = YES;
				CLANG_WARN_SUSPICIOUS_MOVE = YES;
				CLANG_WARN_UNGUARDED_AVAILABILITY = YES_AGGRESSIVE;
				CLANG_WARN_UNREACHABLE_CODE = YES;
				CLANG_WARN__DUPLICATE_METHOD_MATCH = YES;
				COPY_PHASE_STRIP = NO;
				DEBUG_INFORMATION_FORMAT = "dwarf-with-dsym";
				ENABLE_NS_ASSERTIONS = NO;
				ENABLE_STRICT_OBJC_MSGSEND = YES;
				GCC_C_LANGUAGE_STANDARD = gnu11;
				GCC_NO_COMMON_BLOCKS = YES;
				GCC_WARN_64_TO_32_BIT_CONVERSION = YES;
				GCC_WARN_ABOUT_RETURN_TYPE = YES_ERROR;
				GCC_WARN_UNDECLARED_SELECTOR = YES;
				GCC_WARN_UNINITIALIZED_AUTOS = YES_AGGRESSIVE;
				GCC_WARN_UNUSED_FUNCTION = YES;
				GCC_WARN_UNUSED_VARIABLE = YES;
				IPHONEOS_DEPLOYMENT_TARGET = 14.3;
				MTL_ENABLE_DEBUG_INFO = NO;
				MTL_FAST_MATH = YES;
				SDKROOT = iphoneos;
				SWIFT_COMPILATION_MODE = wholemodule;
				SWIFT_OPTIMIZATION_LEVEL = "-O";
				VALIDATE_PRODUCT = YES;
			};
			name = Release;
		};
		8408E1BA25C264F9001C8EEF /* Debug */ = {
			isa = XCBuildConfiguration;
			buildSettings = {
				ASSETCATALOG_COMPILER_APPICON_NAME = AppIcon;
				ASSETCATALOG_COMPILER_GLOBAL_ACCENT_COLOR_NAME = AccentColor;
				CODE_SIGN_STYLE = Automatic;
				DEVELOPMENT_ASSET_PATHS = "\"Form/Preview Content\"";
				ENABLE_PREVIEWS = YES;
				INFOPLIST_FILE = Form/Info.plist;
				LD_RUNPATH_SEARCH_PATHS = (
					"$(inherited)",
					"@executable_path/Frameworks",
				);
				PRODUCT_BUNDLE_IDENTIFIER = "RPL-A.Form";
				PRODUCT_NAME = "$(TARGET_NAME)";
				SWIFT_VERSION = 5.0;
				TARGETED_DEVICE_FAMILY = "1,2";
			};
			name = Debug;
		};
		8408E1BB25C264F9001C8EEF /* Release */ = {
			isa = XCBuildConfiguration;
			buildSettings = {
				ASSETCATALOG_COMPILER_APPICON_NAME = AppIcon;
				ASSETCATALOG_COMPILER_GLOBAL_ACCENT_COLOR_NAME = AccentColor;
				CODE_SIGN_STYLE = Automatic;
				DEVELOPMENT_ASSET_PATHS = "\"Form/Preview Content\"";
				ENABLE_PREVIEWS = YES;
				INFOPLIST_FILE = Form/Info.plist;
				LD_RUNPATH_SEARCH_PATHS = (
					"$(inherited)",
					"@executable_path/Frameworks",
				);
				PRODUCT_BUNDLE_IDENTIFIER = "RPL-A.Form";
				PRODUCT_NAME = "$(TARGET_NAME)";
				SWIFT_VERSION = 5.0;
				TARGETED_DEVICE_FAMILY = "1,2";
			};
			name = Release;
		};
		8408E1BD25C264F9001C8EEF /* Debug */ = {
			isa = XCBuildConfiguration;
			buildSettings = {
				ALWAYS_EMBED_SWIFT_STANDARD_LIBRARIES = YES;
				BUNDLE_LOADER = "$(TEST_HOST)";
				CODE_SIGN_STYLE = Automatic;
				INFOPLIST_FILE = FormTests/Info.plist;
				IPHONEOS_DEPLOYMENT_TARGET = 14.3;
				LD_RUNPATH_SEARCH_PATHS = (
					"$(inherited)",
					"@executable_path/Frameworks",
					"@loader_path/Frameworks",
				);
				PRODUCT_BUNDLE_IDENTIFIER = "RPL-A.FormTests";
				PRODUCT_NAME = "$(TARGET_NAME)";
				SWIFT_VERSION = 5.0;
				TARGETED_DEVICE_FAMILY = "1,2";
				TEST_HOST = "$(BUILT_PRODUCTS_DIR)/Form.app/Form";
			};
			name = Debug;
		};
		8408E1BE25C264F9001C8EEF /* Release */ = {
			isa = XCBuildConfiguration;
			buildSettings = {
				ALWAYS_EMBED_SWIFT_STANDARD_LIBRARIES = YES;
				BUNDLE_LOADER = "$(TEST_HOST)";
				CODE_SIGN_STYLE = Automatic;
				INFOPLIST_FILE = FormTests/Info.plist;
				IPHONEOS_DEPLOYMENT_TARGET = 14.3;
				LD_RUNPATH_SEARCH_PATHS = (
					"$(inherited)",
					"@executable_path/Frameworks",
					"@loader_path/Frameworks",
				);
				PRODUCT_BUNDLE_IDENTIFIER = "RPL-A.FormTests";
				PRODUCT_NAME = "$(TARGET_NAME)";
				SWIFT_VERSION = 5.0;
				TARGETED_DEVICE_FAMILY = "1,2";
				TEST_HOST = "$(BUILT_PRODUCTS_DIR)/Form.app/Form";
			};
			name = Release;
		};
		8408E1C025C264F9001C8EEF /* Debug */ = {
			isa = XCBuildConfiguration;
			buildSettings = {
				ALWAYS_EMBED_SWIFT_STANDARD_LIBRARIES = YES;
				CODE_SIGN_STYLE = Automatic;
				INFOPLIST_FILE = FormUITests/Info.plist;
				LD_RUNPATH_SEARCH_PATHS = (
					"$(inherited)",
					"@executable_path/Frameworks",
					"@loader_path/Frameworks",
				);
				PRODUCT_BUNDLE_IDENTIFIER = "RPL-A.FormUITests";
				PRODUCT_NAME = "$(TARGET_NAME)";
				SWIFT_VERSION = 5.0;
				TARGETED_DEVICE_FAMILY = "1,2";
				TEST_TARGET_NAME = Form;
			};
			name = Debug;
		};
		8408E1C125C264F9001C8EEF /* Release */ = {
			isa = XCBuildConfiguration;
			buildSettings = {
				ALWAYS_EMBED_SWIFT_STANDARD_LIBRARIES = YES;
				CODE_SIGN_STYLE = Automatic;
				INFOPLIST_FILE = FormUITests/Info.plist;
				LD_RUNPATH_SEARCH_PATHS = (
					"$(inherited)",
					"@executable_path/Frameworks",
					"@loader_path/Frameworks",
				);
				PRODUCT_BUNDLE_IDENTIFIER = "RPL-A.FormUITests";
				PRODUCT_NAME = "$(TARGET_NAME)";
				SWIFT_VERSION = 5.0;
				TARGETED_DEVICE_FAMILY = "1,2";
				TEST_TARGET_NAME = Form;
			};
			name = Release;
		};
/* End XCBuildConfiguration section */

/* Begin XCConfigurationList section */
		8408E18A25C264F6001C8EEF /* Build configuration list for PBXProject "Form" */ = {
			isa = XCConfigurationList;
			buildConfigurations = (
				8408E1B725C264F9001C8EEF /* Debug */,
				8408E1B825C264F9001C8EEF /* Release */,
			);
			defaultConfigurationIsVisible = 0;
			defaultConfigurationName = Release;
		};
		8408E1B925C264F9001C8EEF /* Build configuration list for PBXNativeTarget "Form" */ = {
			isa = XCConfigurationList;
			buildConfigurations = (
				8408E1BA25C264F9001C8EEF /* Debug */,
				8408E1BB25C264F9001C8EEF /* Release */,
			);
			defaultConfigurationIsVisible = 0;
			defaultConfigurationName = Release;
		};
		8408E1BC25C264F9001C8EEF /* Build configuration list for PBXNativeTarget "FormTests" */ = {
			isa = XCConfigurationList;
			buildConfigurations = (
				8408E1BD25C264F9001C8EEF /* Debug */,
				8408E1BE25C264F9001C8EEF /* Release */,
			);
			defaultConfigurationIsVisible = 0;
			defaultConfigurationName = Release;
		};
		8408E1BF25C264F9001C8EEF /* Build configuration list for PBXNativeTarget "FormUITests" */ = {
			isa = XCConfigurationList;
			buildConfigurations = (
				8408E1C025C264F9001C8EEF /* Debug */,
				8408E1C125C264F9001C8EEF /* Release */,
			);
			defaultConfigurationIsVisible = 0;
			defaultConfigurationName = Release;
		};
/* End XCConfigurationList section */
	};
	rootObject = 8408E18725C264F6001C8EEF /* Project object */;
}
